{
  "lockfileVersion": 1,
  "workspaces": {
    "": {
      "dependencies": {
        "@sinclair/typebox": "^0.34.33",
      },
    },
  },
  "packages": {
    "@sinclair/typebox": ["@sinclair/typebox@0.34.33", "", {}, "sha512-5HAV9exOMcXRUxo+9iYB5n09XxzCXnfy4VTNW4xnDv+FgjzAGY989C28BIdljKqmF+ZltUwujE3aossvcVtq6g=="],
  }
}
